
Microsoft Visual Studio Solution File, Format Version 12.00
# Visual Studio Version 16
VisualStudioVersion = 16.0.30611.23
MinimumVisualStudioVersion = 10.0.40219.1
Project("{9A19103F-16F7-4668-BE54-9A1E7A4F7556}") = "TDD_NUnit", "TDD_NUnit\TDD_NUnit.csproj", "{E101EFBD-4A43-489F-8075-CA67E2195DC8}"
EndProject
Project("{FAE04EC0-301F-11D3-BF4B-00C04F79EFBC}") = "Comprobaciones_Simples", "Comprobaciones_Simples\Comprobaciones_Simples.csproj", "{CCFF8B38-6D91-41C1-9EF8-D7DEAE2CDDEA}"
EndProject
Global
	GlobalSection(SolutionConfigurationPlatforms) = preSolution
		Debug|Any CPU = Debug|Any CPU
		Release|Any CPU = Release|Any CPU
	EndGlobalSection
	GlobalSection(ProjectConfigurationPlatforms) = postSolution
		{E101EFBD-4A43-489F-8075-CA67E2195DC8}.Debug|Any CPU.ActiveCfg = Debug|Any CPU
		{E101EFBD-4A43-489F-8075-CA67E2195DC8}.Debug|Any CPU.Build.0 = Debug|Any CPU
		{E101EFBD-4A43-489F-8075-CA67E2195DC8}.Release|Any CPU.ActiveCfg = Release|Any CPU
		{E101EFBD-4A43-489F-8075-CA67E2195DC8}.Release|Any CPU.Build.0 = Release|Any CPU
		{CCFF8B38-6D91-41C1-9EF8-D7DEAE2CDDEA}.Debug|Any CPU.ActiveCfg = Debug|Any CPU
		{CCFF8B38-6D91-41C1-9EF8-D7DEAE2CDDEA}.Debug|Any CPU.Build.0 = Debug|Any CPU
		{CCFF8B38-6D91-41C1-9EF8-D7DEAE2CDDEA}.Release|Any CPU.ActiveCfg = Release|Any CPU
		{CCFF8B38-6D91-41C1-9EF8-D7DEAE2CDDEA}.Release|Any CPU.Build.0 = Release|Any CPU
	EndGlobalSection
	GlobalSection(SolutionProperties) = preSolution
		HideSolutionNode = FALSE
	EndGlobalSection
	GlobalSection(ExtensibilityGlobals) = postSolution
		SolutionGuid = {1D3047A4-3490-4DF6-8E11-E5FE77711D92}
	EndGlobalSection
EndGlobal
